// !$*UTF8*$!
{
	archiveVersion = 1;
	classes = {
	};
	objectVersion = 50;
	objects = {

/* Begin PBXBuildFile section */
		A33F432F216DECC600CA1AA0 /* AppDelegate.m in Sources */ = {isa = PBXBuildFile; fileRef = A33F432E216DECC600CA1AA0 /* AppDelegate.m */; };
		A33F4332216DECC600CA1AA0 /* ViewController.m in Sources */ = {isa = PBXBuildFile; fileRef = A33F4331216DECC600CA1AA0 /* ViewController.m */; };
		A33F4335216DECC600CA1AA0 /* Main.storyboard in Resources */ = {isa = PBXBuildFile; fileRef = A33F4333216DECC600CA1AA0 /* Main.storyboard */; };
		A33F4337216DECC800CA1AA0 /* Assets.xcassets in Resources */ = {isa = PBXBuildFile; fileRef = A33F4336216DECC800CA1AA0 /* Assets.xcassets */; };
		A33F433A216DECC800CA1AA0 /* LaunchScreen.storyboard in Resources */ = {isa = PBXBuildFile; fileRef = A33F4338216DECC800CA1AA0 /* LaunchScreen.storyboard */; };
		A33F433D216DECC800CA1AA0 /* main.m in Sources */ = {isa = PBXBuildFile; fileRef = A33F433C216DECC800CA1AA0 /* main.m */; };
		A33F4347216DECC800CA1AA0 /* PdvertisPageTests.m in Sources */ = {isa = PBXBuildFile; fileRef = A33F4346216DECC800CA1AA0 /* PdvertisPageTests.m */; };
		A33F4352216DECC800CA1AA0 /* PdvertisPageUITests.m in Sources */ = {isa = PBXBuildFile; fileRef = A33F4351216DECC800CA1AA0 /* PdvertisPageUITests.m */; };
		A33F4362216DFB3800CA1AA0 /* ZPageView.m in Sources */ = {isa = PBXBuildFile; fileRef = A33F4361216DFB3800CA1AA0 /* ZPageView.m */; };
		A33F4367216E057A00CA1AA0 /* ZCountdownLabel.m in Sources */ = {isa = PBXBuildFile; fileRef = A33F4366216E057A00CA1AA0 /* ZCountdownLabel.m */; };
		A342928C216EE92800147A30 /* ZJumpViewController.m in Sources */ = {isa = PBXBuildFile; fileRef = A342928B216EE92800147A30 /* ZJumpViewController.m */; };
		A342928E216EF1A000147A30 /* image.jpg in Resources */ = {isa = PBXBuildFile; fileRef = A342928D216EF1A000147A30 /* image.jpg */; };
		A34292B0216EF1DA00147A30 /* LICENSE in Resources */ = {isa = PBXBuildFile; fileRef = A3429290216EF1DA00147A30 /* LICENSE */; };
		A34292B1216EF1DA00147A30 /* README.md in Resources */ = {isa = PBXBuildFile; fileRef = A3429291216EF1DA00147A30 /* README.md */; };
		A34292B2216EF1DA00147A30 /* NSData+ImageContentType.m in Sources */ = {isa = PBXBuildFile; fileRef = A3429294216EF1DA00147A30 /* NSData+ImageContentType.m */; };
		A34292B3216EF1DA00147A30 /* SDImageCache.m in Sources */ = {isa = PBXBuildFile; fileRef = A3429296216EF1DA00147A30 /* SDImageCache.m */; };
		A34292B4216EF1DA00147A30 /* SDWebImageCompat.m in Sources */ = {isa = PBXBuildFile; fileRef = A3429298216EF1DA00147A30 /* SDWebImageCompat.m */; };
		A34292B5216EF1DA00147A30 /* SDWebImageDecoder.m in Sources */ = {isa = PBXBuildFile; fileRef = A342929A216EF1DA00147A30 /* SDWebImageDecoder.m */; };
		A34292B6216EF1DA00147A30 /* SDWebImageDownloader.m in Sources */ = {isa = PBXBuildFile; fileRef = A342929C216EF1DA00147A30 /* SDWebImageDownloader.m */; };
		A34292B7216EF1DA00147A30 /* SDWebImageDownloaderOperation.m in Sources */ = {isa = PBXBuildFile; fileRef = A342929E216EF1DA00147A30 /* SDWebImageDownloaderOperation.m */; };
		A34292B8216EF1DA00147A30 /* SDWebImageManager.m in Sources */ = {isa = PBXBuildFile; fileRef = A34292A0216EF1DA00147A30 /* SDWebImageManager.m */; };
		A34292B9216EF1DA00147A30 /* SDWebImagePrefetcher.m in Sources */ = {isa = PBXBuildFile; fileRef = A34292A3216EF1DA00147A30 /* SDWebImagePrefetcher.m */; };
		A34292BA216EF1DA00147A30 /* UIButton+WebCache.m in Sources */ = {isa = PBXBuildFile; fileRef = A34292A5216EF1DA00147A30 /* UIButton+WebCache.m */; };
		A34292BB216EF1DA00147A30 /* UIImage+GIF.m in Sources */ = {isa = PBXBuildFile; fileRef = A34292A7216EF1DA00147A30 /* UIImage+GIF.m */; };
		A34292BC216EF1DA00147A30 /* UIImage+MultiFormat.m in Sources */ = {isa = PBXBuildFile; fileRef = A34292A9216EF1DA00147A30 /* UIImage+MultiFormat.m */; };
		A34292BD216EF1DA00147A30 /* UIImageView+HighlightedWebCache.m in Sources */ = {isa = PBXBuildFile; fileRef = A34292AB216EF1DA00147A30 /* UIImageView+HighlightedWebCache.m */; };
		A34292BE216EF1DA00147A30 /* UIImageView+WebCache.m in Sources */ = {isa = PBXBuildFile; fileRef = A34292AD216EF1DA00147A30 /* UIImageView+WebCache.m */; };
		A34292BF216EF1DA00147A30 /* UIView+WebCacheOperation.m in Sources */ = {isa = PBXBuildFile; fileRef = A34292AF216EF1DA00147A30 /* UIView+WebCacheOperation.m */; };
		A34292C2216EF49F00147A30 /* AdvertisViewController.m in Sources */ = {isa = PBXBuildFile; fileRef = A34292C1216EF49F00147A30 /* AdvertisViewController.m */; };
/* End PBXBuildFile section */

/* Begin PBXContainerItemProxy section */
		A33F4343216DECC800CA1AA0 /* PBXContainerItemProxy */ = {
			isa = PBXContainerItemProxy;
			containerPortal = A33F4322216DECC500CA1AA0 /* Project object */;
			proxyType = 1;
			remoteGlobalIDString = A33F4329216DECC600CA1AA0;
			remoteInfo = PdvertisPage;
		};
		A33F434E216DECC800CA1AA0 /* PBXContainerItemProxy */ = {
			isa = PBXContainerItemProxy;
			containerPortal = A33F4322216DECC500CA1AA0 /* Project object */;
			proxyType = 1;
			remoteGlobalIDString = A33F4329216DECC600CA1AA0;
			remoteInfo = PdvertisPage;
		};
/* End PBXContainerItemProxy section */

/* Begin PBXFileReference section */
		A33F432A216DECC600CA1AA0 /* PdvertisPage.app */ = {isa = PBXFileReference; explicitFileType = wrapper.application; includeInIndex = 0; path = PdvertisPage.app; sourceTree = BUILT_PRODUCTS_DIR; };
		A33F432D216DECC600CA1AA0 /* AppDelegate.h */ = {isa = PBXFileReference; lastKnownFileType = sourcecode.c.h; path = AppDelegate.h; sourceTree = "<group>"; };
		A33F432E216DECC600CA1AA0 /* AppDelegate.m */ = {isa = PBXFileReference; lastKnownFileType = sourcecode.c.objc; path = AppDelegate.m; sourceTree = "<group>"; };
		A33F4330216DECC600CA1AA0 /* ViewController.h */ = {isa = PBXFileReference; lastKnownFileType = sourcecode.c.h; path = ViewController.h; sourceTree = "<group>"; };
		A33F4331216DECC600CA1AA0 /* ViewController.m */ = {isa = PBXFileReference; lastKnownFileType = sourcecode.c.objc; path = ViewController.m; sourceTree = "<group>"; };
		A33F4334216DECC600CA1AA0 /* Base */ = {isa = PBXFileReference; lastKnownFileType = file.storyboard; name = Base; path = Base.lproj/Main.storyboard; sourceTree = "<group>"; };
		A33F4336216DECC800CA1AA0 /* Assets.xcassets */ = {isa = PBXFileReference; lastKnownFileType = folder.assetcatalog; path = Assets.xcassets; sourceTree = "<group>"; };
		A33F4339216DECC800CA1AA0 /* Base */ = {isa = PBXFileReference; lastKnownFileType = file.storyboard; name = Base; path = Base.lproj/LaunchScreen.storyboard; sourceTree = "<group>"; };
		A33F433B216DECC800CA1AA0 /* Info.plist */ = {isa = PBXFileReference; lastKnownFileType = text.plist.xml; path = Info.plist; sourceTree = "<group>"; };
		A33F433C216DECC800CA1AA0 /* main.m */ = {isa = PBXFileReference; lastKnownFileType = sourcecode.c.objc; path = main.m; sourceTree = "<group>"; };
		A33F4342216DECC800CA1AA0 /* PdvertisPageTests.xctest */ = {isa = PBXFileReference; explicitFileType = wrapper.cfbundle; includeInIndex = 0; path = PdvertisPageTests.xctest; sourceTree = BUILT_PRODUCTS_DIR; };
		A33F4346216DECC800CA1AA0 /* PdvertisPageTests.m */ = {isa = PBXFileReference; lastKnownFileType = sourcecode.c.objc; path = PdvertisPageTests.m; sourceTree = "<group>"; };
		A33F4348216DECC800CA1AA0 /* Info.plist */ = {isa = PBXFileReference; lastKnownFileType = text.plist.xml; path = Info.plist; sourceTree = "<group>"; };
		A33F434D216DECC800CA1AA0 /* PdvertisPageUITests.xctest */ = {isa = PBXFileReference; explicitFileType = wrapper.cfbundle; includeInIndex = 0; path = PdvertisPageUITests.xctest; sourceTree = BUILT_PRODUCTS_DIR; };
		A33F4351216DECC800CA1AA0 /* PdvertisPageUITests.m */ = {isa = PBXFileReference; lastKnownFileType = sourcecode.c.objc; path = PdvertisPageUITests.m; sourceTree = "<group>"; };
		A33F4353216DECC800CA1AA0 /* Info.plist */ = {isa = PBXFileReference; lastKnownFileType = text.plist.xml; path = Info.plist; sourceTree = "<group>"; };
		A33F4360216DFB3800CA1AA0 /* ZPageView.h */ = {isa = PBXFileReference; lastKnownFileType = sourcecode.c.h; path = ZPageView.h; sourceTree = "<group>"; };
		A33F4361216DFB3800CA1AA0 /* ZPageView.m */ = {isa = PBXFileReference; lastKnownFileType = sourcecode.c.objc; path = ZPageView.m; sourceTree = "<group>"; };
		A33F4365216E057A00CA1AA0 /* ZCountdownLabel.h */ = {isa = PBXFileReference; lastKnownFileType = sourcecode.c.h; path = ZCountdownLabel.h; sourceTree = "<group>"; };
		A33F4366216E057A00CA1AA0 /* ZCountdownLabel.m */ = {isa = PBXFileReference; lastKnownFileType = sourcecode.c.objc; path = ZCountdownLabel.m; sourceTree = "<group>"; };
		A342928A216EE92800147A30 /* ZJumpViewController.h */ = {isa = PBXFileReference; lastKnownFileType = sourcecode.c.h; path = ZJumpViewController.h; sourceTree = "<group>"; };
		A342928B216EE92800147A30 /* ZJumpViewController.m */ = {isa = PBXFileReference; lastKnownFileType = sourcecode.c.objc; path = ZJumpViewController.m; sourceTree = "<group>"; };
		A342928D216EF1A000147A30 /* image.jpg */ = {isa = PBXFileReference; lastKnownFileType = image.jpeg; path = image.jpg; sourceTree = "<group>"; };
		A3429290216EF1DA00147A30 /* LICENSE */ = {isa = PBXFileReference; fileEncoding = 4; lastKnownFileType = text; path = LICENSE; sourceTree = "<group>"; };
		A3429291216EF1DA00147A30 /* README.md */ = {isa = PBXFileReference; fileEncoding = 4; lastKnownFileType = net.daringfireball.markdown; path = README.md; sourceTree = "<group>"; };
		A3429293216EF1DA00147A30 /* NSData+ImageContentType.h */ = {isa = PBXFileReference; fileEncoding = 4; lastKnownFileType = sourcecode.c.h; path = "NSData+ImageContentType.h"; sourceTree = "<group>"; };
		A3429294216EF1DA00147A30 /* NSData+ImageContentType.m */ = {isa = PBXFileReference; fileEncoding = 4; lastKnownFileType = sourcecode.c.objc; path = "NSData+ImageContentType.m"; sourceTree = "<group>"; };
		A3429295216EF1DA00147A30 /* SDImageCache.h */ = {isa = PBXFileReference; fileEncoding = 4; lastKnownFileType = sourcecode.c.h; path = SDImageCache.h; sourceTree = "<group>"; };
		A3429296216EF1DA00147A30 /* SDImageCache.m */ = {isa = PBXFileReference; fileEncoding = 4; lastKnownFileType = sourcecode.c.objc; path = SDImageCache.m; sourceTree = "<group>"; };
		A3429297216EF1DA00147A30 /* SDWebImageCompat.h */ = {isa = PBXFileReference; fileEncoding = 4; lastKnownFileType = sourcecode.c.h; path = SDWebImageCompat.h; sourceTree = "<group>"; };
		A3429298216EF1DA00147A30 /* SDWebImageCompat.m */ = {isa = PBXFileReference; fileEncoding = 4; lastKnownFileType = sourcecode.c.objc; path = SDWebImageCompat.m; sourceTree = "<group>"; };
		A3429299216EF1DA00147A30 /* SDWebImageDecoder.h */ = {isa = PBXFileReference; fileEncoding = 4; lastKnownFileType = sourcecode.c.h; path = SDWebImageDecoder.h; sourceTree = "<group>"; };
		A342929A216EF1DA00147A30 /* SDWebImageDecoder.m */ = {isa = PBXFileReference; fileEncoding = 4; lastKnownFileType = sourcecode.c.objc; path = SDWebImageDecoder.m; sourceTree = "<group>"; };
		A342929B216EF1DA00147A30 /* SDWebImageDownloader.h */ = {isa = PBXFileReference; fileEncoding = 4; lastKnownFileType = sourcecode.c.h; path = SDWebImageDownloader.h; sourceTree = "<group>"; };
		A342929C216EF1DA00147A30 /* SDWebImageDownloader.m */ = {isa = PBXFileReference; fileEncoding = 4; lastKnownFileType = sourcecode.c.objc; path = SDWebImageDownloader.m; sourceTree = "<group>"; };
		A342929D216EF1DA00147A30 /* SDWebImageDownloaderOperation.h */ = {isa = PBXFileReference; fileEncoding = 4; lastKnownFileType = sourcecode.c.h; path = SDWebImageDownloaderOperation.h; sourceTree = "<group>"; };
		A342929E216EF1DA00147A30 /* SDWebImageDownloaderOperation.m */ = {isa = PBXFileReference; fileEncoding = 4; lastKnownFileType = sourcecode.c.objc; path = SDWebImageDownloaderOperation.m; sourceTree = "<group>"; };
		A342929F216EF1DA00147A30 /* SDWebImageManager.h */ = {isa = PBXFileReference; fileEncoding = 4; lastKnownFileType = sourcecode.c.h; path = SDWebImageManager.h; sourceTree = "<group>"; };
		A34292A0216EF1DA00147A30 /* SDWebImageManager.m */ = {isa = PBXFileReference; fileEncoding = 4; lastKnownFileType = sourcecode.c.objc; path = SDWebImageManager.m; sourceTree = "<group>"; };
		A34292A1216EF1DA00147A30 /* SDWebImageOperation.h */ = {isa = PBXFileReference; fileEncoding = 4; lastKnownFileType = sourcecode.c.h; path = SDWebImageOperation.h; sourceTree = "<group>"; };
		A34292A2216EF1DA00147A30 /* SDWebImagePrefetcher.h */ = {isa = PBXFileReference; fileEncoding = 4; lastKnownFileType = sourcecode.c.h; path = SDWebImagePrefetcher.h; sourceTree = "<group>"; };
		A34292A3216EF1DA00147A30 /* SDWebImagePrefetcher.m */ = {isa = PBXFileReference; fileEncoding = 4; lastKnownFileType = sourcecode.c.objc; path = SDWebImagePrefetcher.m; sourceTree = "<group>"; };
		A34292A4216EF1DA00147A30 /* UIButton+WebCache.h */ = {isa = PBXFileReference; fileEncoding = 4; lastKnownFileType = sourcecode.c.h; path = "UIButton+WebCache.h"; sourceTree = "<group>"; };
		A34292A5216EF1DA00147A30 /* UIButton+WebCache.m */ = {isa = PBXFileReference; fileEncoding = 4; lastKnownFileType = sourcecode.c.objc; path = "UIButton+WebCache.m"; sourceTree = "<group>"; };
		A34292A6216EF1DA00147A30 /* UIImage+GIF.h */ = {isa = PBXFileReference; fileEncoding = 4; lastKnownFileType = sourcecode.c.h; path = "UIImage+GIF.h"; sourceTree = "<group>"; };
		A34292A7216EF1DA00147A30 /* UIImage+GIF.m */ = {isa = PBXFileReference; fileEncoding = 4; lastKnownFileType = sourcecode.c.objc; path = "UIImage+GIF.m"; sourceTree = "<group>"; };
		A34292A8216EF1DA00147A30 /* UIImage+MultiFormat.h */ = {isa = PBXFileReference; fileEncoding = 4; lastKnownFileType = sourcecode.c.h; path = "UIImage+MultiFormat.h"; sourceTree = "<group>"; };
		A34292A9216EF1DA00147A30 /* UIImage+MultiFormat.m */ = {isa = PBXFileReference; fileEncoding = 4; lastKnownFileType = sourcecode.c.objc; path = "UIImage+MultiFormat.m"; sourceTree = "<group>"; };
		A34292AA216EF1DA00147A30 /* UIImageView+HighlightedWebCache.h */ = {isa = PBXFileReference; fileEncoding = 4; lastKnownFileType = sourcecode.c.h; path = "UIImageView+HighlightedWebCache.h"; sourceTree = "<group>"; };
		A34292AB216EF1DA00147A30 /* UIImageView+HighlightedWebCache.m */ = {isa = PBXFileReference; fileEncoding = 4; lastKnownFileType = sourcecode.c.objc; path = "UIImageView+HighlightedWebCache.m"; sourceTree = "<group>"; };
		A34292AC216EF1DA00147A30 /* UIImageView+WebCache.h */ = {isa = PBXFileReference; fileEncoding = 4; lastKnownFileType = sourcecode.c.h; path = "UIImageView+WebCache.h"; sourceTree = "<group>"; };
		A34292AD216EF1DA00147A30 /* UIImageView+WebCache.m */ = {isa = PBXFileReference; fileEncoding = 4; lastKnownFileType = sourcecode.c.objc; path = "UIImageView+WebCache.m"; sourceTree = "<group>"; };
		A34292AE216EF1DA00147A30 /* UIView+WebCacheOperation.h */ = {isa = PBXFileReference; fileEncoding = 4; lastKnownFileType = sourcecode.c.h; path = "UIView+WebCacheOperation.h"; sourceTree = "<group>"; };
		A34292AF216EF1DA00147A30 /* UIView+WebCacheOperation.m */ = {isa = PBXFileReference; fileEncoding = 4; lastKnownFileType = sourcecode.c.objc; path = "UIView+WebCacheOperation.m"; sourceTree = "<group>"; };
		A34292C0216EF49F00147A30 /* AdvertisViewController.h */ = {isa = PBXFileReference; lastKnownFileType = sourcecode.c.h; path = AdvertisViewController.h; sourceTree = "<group>"; };
		A34292C1216EF49F00147A30 /* AdvertisViewController.m */ = {isa = PBXFileReference; lastKnownFileType = sourcecode.c.objc; path = AdvertisViewController.m; sourceTree = "<group>"; };
/* End PBXFileReference section */

/* Begin PBXFrameworksBuildPhase section */
		A33F4327216DECC600CA1AA0 /* Frameworks */ = {
			isa = PBXFrameworksBuildPhase;
			buildActionMask = 2147483647;
			files = (
			);
			runOnlyForDeploymentPostprocessing = 0;
		};
		A33F433F216DECC800CA1AA0 /* Frameworks */ = {
			isa = PBXFrameworksBuildPhase;
			buildActionMask = 2147483647;
			files = (
			);
			runOnlyForDeploymentPostprocessing = 0;
		};
		A33F434A216DECC800CA1AA0 /* Frameworks */ = {
			isa = PBXFrameworksBuildPhase;
			buildActionMask = 2147483647;
			files = (
			);
			runOnlyForDeploymentPostprocessing = 0;
		};
/* End PBXFrameworksBuildPhase section */

/* Begin PBXGroup section */
		A33F4321216DECC500CA1AA0 = {
			isa = PBXGroup;
			children = (
				A33F432C216DECC600CA1AA0 /* PdvertisPage */,
				A33F4345216DECC800CA1AA0 /* PdvertisPageTests */,
				A33F4350216DECC800CA1AA0 /* PdvertisPageUITests */,
				A33F432B216DECC600CA1AA0 /* Products */,
			);
			sourceTree = "<group>";
		};
		A33F432B216DECC600CA1AA0 /* Products */ = {
			isa = PBXGroup;
			children = (
				A33F432A216DECC600CA1AA0 /* PdvertisPage.app */,
				A33F4342216DECC800CA1AA0 /* PdvertisPageTests.xctest */,
				A33F434D216DECC800CA1AA0 /* PdvertisPageUITests.xctest */,
			);
			name = Products;
			sourceTree = "<group>";
		};
		A33F432C216DECC600CA1AA0 /* PdvertisPage */ = {
			isa = PBXGroup;
			children = (
				A342928F216EF1DA00147A30 /* SDWebImage */,
				A33F435F216DFA7300CA1AA0 /* ZPdvertisPage */,
				A33F432D216DECC600CA1AA0 /* AppDelegate.h */,
				A33F432E216DECC600CA1AA0 /* AppDelegate.m */,
				A33F4330216DECC600CA1AA0 /* ViewController.h */,
				A33F4331216DECC600CA1AA0 /* ViewController.m */,
				A33F4333216DECC600CA1AA0 /* Main.storyboard */,
				A33F4336216DECC800CA1AA0 /* Assets.xcassets */,
				A33F4338216DECC800CA1AA0 /* LaunchScreen.storyboard */,
				A33F433B216DECC800CA1AA0 /* Info.plist */,
				A342928D216EF1A000147A30 /* image.jpg */,
				A33F433C216DECC800CA1AA0 /* main.m */,
			);
			path = PdvertisPage;
			sourceTree = "<group>";
		};
		A33F4345216DECC800CA1AA0 /* PdvertisPageTests */ = {
			isa = PBXGroup;
			children = (
				A33F4346216DECC800CA1AA0 /* PdvertisPageTests.m */,
				A33F4348216DECC800CA1AA0 /* Info.plist */,
			);
			path = PdvertisPageTests;
			sourceTree = "<group>";
		};
		A33F4350216DECC800CA1AA0 /* PdvertisPageUITests */ = {
			isa = PBXGroup;
			children = (
				A33F4351216DECC800CA1AA0 /* PdvertisPageUITests.m */,
				A33F4353216DECC800CA1AA0 /* Info.plist */,
			);
			path = PdvertisPageUITests;
			sourceTree = "<group>";
		};
		A33F435F216DFA7300CA1AA0 /* ZPdvertisPage */ = {
			isa = PBXGroup;
			children = (
				A33F4360216DFB3800CA1AA0 /* ZPageView.h */,
				A33F4361216DFB3800CA1AA0 /* ZPageView.m */,
				A33F4365216E057A00CA1AA0 /* ZCountdownLabel.h */,
				A33F4366216E057A00CA1AA0 /* ZCountdownLabel.m */,
				A342928A216EE92800147A30 /* ZJumpViewController.h */,
				A342928B216EE92800147A30 /* ZJumpViewController.m */,
				A34292C0216EF49F00147A30 /* AdvertisViewController.h */,
				A34292C1216EF49F00147A30 /* AdvertisViewController.m */,
			);
			path = ZPdvertisPage;
			sourceTree = "<group>";
		};
		A342928F216EF1DA00147A30 /* SDWebImage */ = {
			isa = PBXGroup;
			children = (
				A3429290216EF1DA00147A30 /* LICENSE */,
				A3429291216EF1DA00147A30 /* README.md */,
				A3429292216EF1DA00147A30 /* SDWebImage */,
			);
			path = SDWebImage;
			sourceTree = "<group>";
		};
		A3429292216EF1DA00147A30 /* SDWebImage */ = {
			isa = PBXGroup;
			children = (
				A3429293216EF1DA00147A30 /* NSData+ImageContentType.h */,
				A3429294216EF1DA00147A30 /* NSData+ImageContentType.m */,
				A3429295216EF1DA00147A30 /* SDImageCache.h */,
				A3429296216EF1DA00147A30 /* SDImageCache.m */,
				A3429297216EF1DA00147A30 /* SDWebImageCompat.h */,
				A3429298216EF1DA00147A30 /* SDWebImageCompat.m */,
				A3429299216EF1DA00147A30 /* SDWebImageDecoder.h */,
				A342929A216EF1DA00147A30 /* SDWebImageDecoder.m */,
				A342929B216EF1DA00147A30 /* SDWebImageDownloader.h */,
				A342929C216EF1DA00147A30 /* SDWebImageDownloader.m */,
				A342929D216EF1DA00147A30 /* SDWebImageDownloaderOperation.h */,
				A342929E216EF1DA00147A30 /* SDWebImageDownloaderOperation.m */,
				A342929F216EF1DA00147A30 /* SDWebImageManager.h */,
				A34292A0216EF1DA00147A30 /* SDWebImageManager.m */,
				A34292A1216EF1DA00147A30 /* SDWebImageOperation.h */,
				A34292A2216EF1DA00147A30 /* SDWebImagePrefetcher.h */,
				A34292A3216EF1DA00147A30 /* SDWebImagePrefetcher.m */,
				A34292A4216EF1DA00147A30 /* UIButton+WebCache.h */,
				A34292A5216EF1DA00147A30 /* UIButton+WebCache.m */,
				A34292A6216EF1DA00147A30 /* UIImage+GIF.h */,
				A34292A7216EF1DA00147A30 /* UIImage+GIF.m */,
				A34292A8216EF1DA00147A30 /* UIImage+MultiFormat.h */,
				A34292A9216EF1DA00147A30 /* UIImage+MultiFormat.m */,
				A34292AA216EF1DA00147A30 /* UIImageView+HighlightedWebCache.h */,
				A34292AB216EF1DA00147A30 /* UIImageView+HighlightedWebCache.m */,
				A34292AC216EF1DA00147A30 /* UIImageView+WebCache.h */,
				A34292AD216EF1DA00147A30 /* UIImageView+WebCache.m */,
				A34292AE216EF1DA00147A30 /* UIView+WebCacheOperation.h */,
				A34292AF216EF1DA00147A30 /* UIView+WebCacheOperation.m */,
			);
			path = SDWebImage;
			sourceTree = "<group>";
		};
/* End PBXGroup section */

/* Begin PBXNativeTarget section */
		A33F4329216DECC600CA1AA0 /* PdvertisPage */ = {
			isa = PBXNativeTarget;
			buildConfigurationList = A33F4356216DECC800CA1AA0 /* Build configuration list for PBXNativeTarget "PdvertisPage" */;
			buildPhases = (
				A33F4326216DECC600CA1AA0 /* Sources */,
				A33F4327216DECC600CA1AA0 /* Frameworks */,
				A33F4328216DECC600CA1AA0 /* Resources */,
			);
			buildRules = (
			);
			dependencies = (
			);
			name = PdvertisPage;
			productName = PdvertisPage;
			productReference = A33F432A216DECC600CA1AA0 /* PdvertisPage.app */;
			productType = "com.apple.product-type.application";
		};
		A33F4341216DECC800CA1AA0 /* PdvertisPageTests */ = {
			isa = PBXNativeTarget;
			buildConfigurationList = A33F4359216DECC800CA1AA0 /* Build configuration list for PBXNativeTarget "PdvertisPageTests" */;
			buildPhases = (
				A33F433E216DECC800CA1AA0 /* Sources */,
				A33F433F216DECC800CA1AA0 /* Frameworks */,
				A33F4340216DECC800CA1AA0 /* Resources */,
			);
			buildRules = (
			);
			dependencies = (
				A33F4344216DECC800CA1AA0 /* PBXTargetDependency */,
			);
			name = PdvertisPageTests;
			productName = PdvertisPageTests;
			productReference = A33F4342216DECC800CA1AA0 /* PdvertisPageTests.xctest */;
			productType = "com.apple.product-type.bundle.unit-test";
		};
		A33F434C216DECC800CA1AA0 /* PdvertisPageUITests */ = {
			isa = PBXNativeTarget;
			buildConfigurationList = A33F435C216DECC800CA1AA0 /* Build configuration list for PBXNativeTarget "PdvertisPageUITests" */;
			buildPhases = (
				A33F4349216DECC800CA1AA0 /* Sources */,
				A33F434A216DECC800CA1AA0 /* Frameworks */,
				A33F434B216DECC800CA1AA0 /* Resources */,
			);
			buildRules = (
			);
			dependencies = (
				A33F434F216DECC800CA1AA0 /* PBXTargetDependency */,
			);
			name = PdvertisPageUITests;
			productName = PdvertisPageUITests;
			productReference = A33F434D216DECC800CA1AA0 /* PdvertisPageUITests.xctest */;
			productType = "com.apple.product-type.bundle.ui-testing";
		};
/* End PBXNativeTarget section */

/* Begin PBXProject section */
		A33F4322216DECC500CA1AA0 /* Project object */ = {
			isa = PBXProject;
			attributes = {
				LastUpgradeCheck = 0940;
				ORGANIZATIONNAME = andacx;
				TargetAttributes = {
					A33F4329216DECC600CA1AA0 = {
						CreatedOnToolsVersion = 9.4.1;
					};
					A33F4341216DECC800CA1AA0 = {
						CreatedOnToolsVersion = 9.4.1;
						TestTargetID = A33F4329216DECC600CA1AA0;
					};
					A33F434C216DECC800CA1AA0 = {
						CreatedOnToolsVersion = 9.4.1;
						TestTargetID = A33F4329216DECC600CA1AA0;
					};
				};
			};
			buildConfigurationList = A33F4325216DECC500CA1AA0 /* Build configuration list for PBXProject "PdvertisPage" */;
			compatibilityVersion = "Xcode 9.3";
			developmentRegion = en;
			hasScannedForEncodings = 0;
			knownRegions = (
				en,
				Base,
			);
			mainGroup = A33F4321216DECC500CA1AA0;
			productRefGroup = A33F432B216DECC600CA1AA0 /* Products */;
			projectDirPath = "";
			projectRoot = "";
			targets = (
				A33F4329216DECC600CA1AA0 /* PdvertisPage */,
				A33F4341216DECC800CA1AA0 /* PdvertisPageTests */,
				A33F434C216DECC800CA1AA0 /* PdvertisPageUITests */,
			);
		};
/* End PBXProject section */

/* Begin PBXResourcesBuildPhase section */
		A33F4328216DECC600CA1AA0 /* Resources */ = {
			isa = PBXResourcesBuildPhase;
			buildActionMask = 2147483647;
			files = (
				A34292B0216EF1DA00147A30 /* LICENSE in Resources */,
				A33F433A216DECC800CA1AA0 /* LaunchScreen.storyboard in Resources */,
				A33F4337216DECC800CA1AA0 /* Assets.xcassets in Resources */,
				A34292B1216EF1DA00147A30 /* README.md in Resources */,
				A33F4335216DECC600CA1AA0 /* Main.storyboard in Resources */,
				A342928E216EF1A000147A30 /* image.jpg in Resources */,
			);
			runOnlyForDeploymentPostprocessing = 0;
		};
		A33F4340216DECC800CA1AA0 /* Resources */ = {
			isa = PBXResourcesBuildPhase;
			buildActionMask = 2147483647;
			files = (
			);
			runOnlyForDeploymentPostprocessing = 0;
		};
		A33F434B216DECC800CA1AA0 /* Resources */ = {
			isa = PBXResourcesBuildPhase;
			buildActionMask = 2147483647;
			files = (
			);
			runOnlyForDeploymentPostprocessing = 0;
		};
/* End PBXResourcesBuildPhase section */

/* Begin PBXSourcesBuildPhase section */
		A33F4326216DECC600CA1AA0 /* Sources */ = {
			isa = PBXSourcesBuildPhase;
			buildActionMask = 2147483647;
			files = (
				A34292BD216EF1DA00147A30 /* UIImageView+HighlightedWebCache.m in Sources */,
				A33F4362216DFB3800CA1AA0 /* ZPageView.m in Sources */,
				A34292B9216EF1DA00147A30 /* SDWebImagePrefetcher.m in Sources */,
				A342928C216EE92800147A30 /* ZJumpViewController.m in Sources */,
				A34292B5216EF1DA00147A30 /* SDWebImageDecoder.m in Sources */,
				A34292B6216EF1DA00147A30 /* SDWebImageDownloader.m in Sources */,
				A33F4332216DECC600CA1AA0 /* ViewController.m in Sources */,
				A34292B8216EF1DA00147A30 /* SDWebImageManager.m in Sources */,
				A34292BA216EF1DA00147A30 /* UIButton+WebCache.m in Sources */,
				A34292BC216EF1DA00147A30 /* UIImage+MultiFormat.m in Sources */,
				A34292BE216EF1DA00147A30 /* UIImageView+WebCache.m in Sources */,
				A33F433D216DECC800CA1AA0 /* main.m in Sources */,
				A34292BF216EF1DA00147A30 /* UIView+WebCacheOperation.m in Sources */,
				A34292B7216EF1DA00147A30 /* SDWebImageDownloaderOperation.m in Sources */,
				A34292BB216EF1DA00147A30 /* UIImage+GIF.m in Sources */,
				A34292B4216EF1DA00147A30 /* SDWebImageCompat.m in Sources */,
				A34292B2216EF1DA00147A30 /* NSData+ImageContentType.m in Sources */,
				A33F4367216E057A00CA1AA0 /* ZCountdownLabel.m in Sources */,
				A34292C2216EF49F00147A30 /* AdvertisViewController.m in Sources */,
				A33F432F216DECC600CA1AA0 /* AppDelegate.m in Sources */,
				A34292B3216EF1DA00147A30 /* SDImageCache.m in Sources */,
			);
			runOnlyForDeploymentPostprocessing = 0;
		};
		A33F433E216DECC800CA1AA0 /* Sources */ = {
			isa = PBXSourcesBuildPhase;
			buildActionMask = 2147483647;
			files = (
				A33F4347216DECC800CA1AA0 /* PdvertisPageTests.m in Sources */,
			);
			runOnlyForDeploymentPostprocessing = 0;
		};
		A33F4349216DECC800CA1AA0 /* Sources */ = {
			isa = PBXSourcesBuildPhase;
			buildActionMask = 2147483647;
			files = (
				A33F4352216DECC800CA1AA0 /* PdvertisPageUITests.m in Sources */,
			);
			runOnlyForDeploymentPostprocessing = 0;
		};
/* End PBXSourcesBuildPhase section */

/* Begin PBXTargetDependency section */
		A33F4344216DECC800CA1AA0 /* PBXTargetDependency */ = {
			isa = PBXTargetDependency;
			target = A33F4329216DECC600CA1AA0 /* PdvertisPage */;
			targetProxy = A33F4343216DECC800CA1AA0 /* PBXContainerItemProxy */;
		};
		A33F434F216DECC800CA1AA0 /* PBXTargetDependency */ = {
			isa = PBXTargetDependency;
			target = A33F4329216DECC600CA1AA0 /* PdvertisPage */;
			targetProxy = A33F434E216DECC800CA1AA0 /* PBXContainerItemProxy */;
		};
/* End PBXTargetDependency section */

/* Begin PBXVariantGroup section */
		A33F4333216DECC600CA1AA0 /* Main.storyboard */ = {
			isa = PBXVariantGroup;
			children = (
				A33F4334216DECC600CA1AA0 /* Base */,
			);
			name = Main.storyboard;
			sourceTree = "<group>";
		};
		A33F4338216DECC800CA1AA0 /* LaunchScreen.storyboard */ = {
			isa = PBXVariantGroup;
			children = (
				A33F4339216DECC800CA1AA0 /* Base */,
			);
			name = LaunchScreen.storyboard;
			sourceTree = "<group>";
		};
/* End PBXVariantGroup section */

/* Begin XCBuildConfiguration section */
		A33F4354216DECC800CA1AA0 /* Debug */ = {
			isa = XCBuildConfiguration;
			buildSettings = {
				ALWAYS_SEARCH_USER_PATHS = NO;
				CLANG_ANALYZER_NONNULL = YES;
				CLANG_ANALYZER_NUMBER_OBJECT_CONVERSION = YES_AGGRESSIVE;
				CLANG_CXX_LANGUAGE_STANDARD = "gnu++14";
				CLANG_CXX_LIBRARY = "libc++";
				CLANG_ENABLE_MODULES = YES;
				CLANG_ENABLE_OBJC_ARC = YES;
				CLANG_ENABLE_OBJC_WEAK = YES;
				CLANG_WARN_BLOCK_CAPTURE_AUTORELEASING = YES;
				CLANG_WARN_BOOL_CONVERSION = YES;
				CLANG_WARN_COMMA = YES;
				CLANG_WARN_CONSTANT_CONVERSION = YES;
				CLANG_WARN_DEPRECATED_OBJC_IMPLEMENTATIONS = YES;
				CLANG_WARN_DIRECT_OBJC_ISA_USAGE = YES_ERROR;
				CLANG_WARN_DOCUMENTATION_COMMENTS = YES;
				CLANG_WARN_EMPTY_BODY = YES;
				CLANG_WARN_ENUM_CONVERSION = YES;
				CLANG_WARN_INFINITE_RECURSION = YES;
				CLANG_WARN_INT_CONVERSION = YES;
				CLANG_WARN_NON_LITERAL_NULL_CONVERSION = YES;
				CLANG_WARN_OBJC_IMPLICIT_RETAIN_SELF = YES;
				CLANG_WARN_OBJC_LITERAL_CONVERSION = YES;
				CLANG_WARN_OBJC_ROOT_CLASS = YES_ERROR;
				CLANG_WARN_RANGE_LOOP_ANALYSIS = YES;
				CLANG_WARN_STRICT_PROTOTYPES = YES;
				CLANG_WARN_SUSPICIOUS_MOVE = YES;
				CLANG_WARN_UNGUARDED_AVAILABILITY = YES_AGGRESSIVE;
				CLANG_WARN_UNREACHABLE_CODE = YES;
				CLANG_WARN__DUPLICATE_METHOD_MATCH = YES;
				CODE_SIGN_IDENTITY = "iPhone Developer";
				COPY_PHASE_STRIP = NO;
				DEBUG_INFORMATION_FORMAT = dwarf;
				ENABLE_STRICT_OBJC_MSGSEND = YES;
				ENABLE_TESTABILITY = YES;
				GCC_C_LANGUAGE_STANDARD = gnu11;
				GCC_DYNAMIC_NO_PIC = NO;
				GCC_NO_COMMON_BLOCKS = YES;
				GCC_OPTIMIZATION_LEVEL = 0;
				GCC_PREPROCESSOR_DEFINITIONS = (
					"DEBUG=1",
					"$(inherited)",
				);
				GCC_WARN_64_TO_32_BIT_CONVERSION = YES;
				GCC_WARN_ABOUT_RETURN_TYPE = YES_ERROR;
				GCC_WARN_UNDECLARED_SELECTOR = YES;
				GCC_WARN_UNINITIALIZED_AUTOS = YES_AGGRESSIVE;
				GCC_WARN_UNUSED_FUNCTION = YES;
				GCC_WARN_UNUSED_VARIABLE = YES;
				IPHONEOS_DEPLOYMENT_TARGET = 11.4;
				MTL_ENABLE_DEBUG_INFO = YES;
				ONLY_ACTIVE_ARCH = YES;
				SDKROOT = iphoneos;
			};
			name = Debug;
		};
		A33F4355216DECC800CA1AA0 /* Release */ = {
			isa = XCBuildConfiguration;
			buildSettings = {
				ALWAYS_SEARCH_USER_PATHS = NO;
				CLANG_ANALYZER_NONNULL = YES;
				CLANG_ANALYZER_NUMBER_OBJECT_CONVERSION = YES_AGGRESSIVE;
				CLANG_CXX_LANGUAGE_STANDARD = "gnu++14";
				CLANG_CXX_LIBRARY = "libc++";
				CLANG_ENABLE_MODULES = YES;
				CLANG_ENABLE_OBJC_ARC = YES;
				CLANG_ENABLE_OBJC_WEAK = YES;
				CLANG_WARN_BLOCK_CAPTURE_AUTORELEASING = YES;
				CLANG_WARN_BOOL_CONVERSION = YES;
				CLANG_WARN_COMMA = YES;
				CLANG_WARN_CONSTANT_CONVERSION = YES;
				CLANG_WARN_DEPRECATED_OBJC_IMPLEMENTATIONS = YES;
				CLANG_WARN_DIRECT_OBJC_ISA_USAGE = YES_ERROR;
				CLANG_WARN_DOCUMENTATION_COMMENTS = YES;
				CLANG_WARN_EMPTY_BODY = YES;
				CLANG_WARN_ENUM_CONVERSION = YES;
				CLANG_WARN_INFINITE_RECURSION = YES;
				CLANG_WARN_INT_CONVERSION = YES;
				CLANG_WARN_NON_LITERAL_NULL_CONVERSION = YES;
				CLANG_WARN_OBJC_IMPLICIT_RETAIN_SELF = YES;
				CLANG_WARN_OBJC_LITERAL_CONVERSION = YES;
				CLANG_WARN_OBJC_ROOT_CLASS = YES_ERROR;
				CLANG_WARN_RANGE_LOOP_ANALYSIS = YES;
				CLANG_WARN_STRICT_PROTOTYPES = YES;
				CLANG_WARN_SUSPICIOUS_MOVE = YES;
				CLANG_WARN_UNGUARDED_AVAILABILITY = YES_AGGRESSIVE;
				CLANG_WARN_UNREACHABLE_CODE = YES;
				CLANG_WARN__DUPLICATE_METHOD_MATCH = YES;
				CODE_SIGN_IDENTITY = "iPhone Developer";
				COPY_PHASE_STRIP = NO;
				DEBUG_INFORMATION_FORMAT = "dwarf-with-dsym";
				ENABLE_NS_ASSERTIONS = NO;
				ENABLE_STRICT_OBJC_MSGSEND = YES;
				GCC_C_LANGUAGE_STANDARD = gnu11;
				GCC_NO_COMMON_BLOCKS = YES;
				GCC_WARN_64_TO_32_BIT_CONVERSION = YES;
				GCC_WARN_ABOUT_RETURN_TYPE = YES_ERROR;
				GCC_WARN_UNDECLARED_SELECTOR = YES;
				GCC_WARN_UNINITIALIZED_AUTOS = YES_AGGRESSIVE;
				GCC_WARN_UNUSED_FUNCTION = YES;
				GCC_WARN_UNUSED_VARIABLE = YES;
				IPHONEOS_DEPLOYMENT_TARGET = 11.4;
				MTL_ENABLE_DEBUG_INFO = NO;
				SDKROOT = iphoneos;
				VALIDATE_PRODUCT = YES;
			};
			name = Release;
		};
		A33F4357216DECC800CA1AA0 /* Debug */ = {
			isa = XCBuildConfiguration;
			buildSettings = {
				ASSETCATALOG_COMPILER_APPICON_NAME = AppIcon;
				CODE_SIGN_STYLE = Automatic;
				INFOPLIST_FILE = PdvertisPage/Info.plist;
				LD_RUNPATH_SEARCH_PATHS = (
					"$(inherited)",
					"@executable_path/Frameworks",
				);
				PRODUCT_BUNDLE_IDENTIFIER = andacx.PdvertisPage;
				PRODUCT_NAME = "$(TARGET_NAME)";
				TARGETED_DEVICE_FAMILY = "1,2";
			};
			name = Debug;
		};
		A33F4358216DECC800CA1AA0 /* Release */ = {
			isa = XCBuildConfiguration;
			buildSettings = {
				ASSETCATALOG_COMPILER_APPICON_NAME = AppIcon;
				CODE_SIGN_STYLE = Automatic;
				INFOPLIST_FILE = PdvertisPage/Info.plist;
				LD_RUNPATH_SEARCH_PATHS = (
					"$(inherited)",
					"@executable_path/Frameworks",
				);
				PRODUCT_BUNDLE_IDENTIFIER = andacx.PdvertisPage;
				PRODUCT_NAME = "$(TARGET_NAME)";
				TARGETED_DEVICE_FAMILY = "1,2";
			};
			name = Release;
		};
		A33F435A216DECC800CA1AA0 /* Debug */ = {
			isa = XCBuildConfiguration;
			buildSettings = {
				BUNDLE_LOADER = "$(TEST_HOST)";
				CODE_SIGN_STYLE = Automatic;
				INFOPLIST_FILE = PdvertisPageTests/Info.plist;
				LD_RUNPATH_SEARCH_PATHS = (
					"$(inherited)",
					"@executable_path/Frameworks",
					"@loader_path/Frameworks",
				);
				PRODUCT_BUNDLE_IDENTIFIER = andacx.PdvertisPageTests;
				PRODUCT_NAME = "$(TARGET_NAME)";
				TARGETED_DEVICE_FAMILY = "1,2";
				TEST_HOST = "$(BUILT_PRODUCTS_DIR)/PdvertisPage.app/PdvertisPage";
			};
			name = Debug;
		};
		A33F435B216DECC800CA1AA0 /* Release */ = {
			isa = XCBuildConfiguration;
			buildSettings = {
				BUNDLE_LOADER = "$(TEST_HOST)";
				CODE_SIGN_STYLE = Automatic;
				INFOPLIST_FILE = PdvertisPageTests/Info.plist;
				LD_RUNPATH_SEARCH_PATHS = (
					"$(inherited)",
					"@executable_path/Frameworks",
					"@loader_path/Frameworks",
				);
				PRODUCT_BUNDLE_IDENTIFIER = andacx.PdvertisPageTests;
				PRODUCT_NAME = "$(TARGET_NAME)";
				TARGETED_DEVICE_FAMILY = "1,2";
				TEST_HOST = "$(BUILT_PRODUCTS_DIR)/PdvertisPage.app/PdvertisPage";
			};
			name = Release;
		};
		A33F435D216DECC800CA1AA0 /* Debug */ = {
			isa = XCBuildConfiguration;
			buildSettings = {
				CODE_SIGN_STYLE = Automatic;
				INFOPLIST_FILE = PdvertisPageUITests/Info.plist;
				LD_RUNPATH_SEARCH_PATHS = (
					"$(inherited)",
					"@executable_path/Frameworks",
					"@loader_path/Frameworks",
				);
				PRODUCT_BUNDLE_IDENTIFIER = andacx.PdvertisPageUITests;
				PRODUCT_NAME = "$(TARGET_NAME)";
				TARGETED_DEVICE_FAMILY = "1,2";
				TEST_TARGET_NAME = PdvertisPage;
			};
			name = Debug;
		};
		A33F435E216DECC800CA1AA0 /* Release */ = {
			isa = XCBuildConfiguration;
			buildSettings = {
				CODE_SIGN_STYLE = Automatic;
				INFOPLIST_FILE = PdvertisPageUITests/Info.plist;
				LD_RUNPATH_SEARCH_PATHS = (
					"$(inherited)",
					"@executable_path/Frameworks",
					"@loader_path/Frameworks",
				);
				PRODUCT_BUNDLE_IDENTIFIER = andacx.PdvertisPageUITests;
				PRODUCT_NAME = "$(TARGET_NAME)";
				TARGETED_DEVICE_FAMILY = "1,2";
				TEST_TARGET_NAME = PdvertisPage;
			};
			name = Release;
		};
/* End XCBuildConfiguration section */

/* Begin XCConfigurationList section */
		A33F4325216DECC500CA1AA0 /* Build configuration list for PBXProject "PdvertisPage" */ = {
			isa = XCConfigurationList;
			buildConfigurations = (
				A33F4354216DECC800CA1AA0 /* Debug */,
				A33F4355216DECC800CA1AA0 /* Release */,
			);
			defaultConfigurationIsVisible = 0;
			defaultConfigurationName = Release;
		};
		A33F4356216DECC800CA1AA0 /* Build configuration list for PBXNativeTarget "PdvertisPage" */ = {
			isa = XCConfigurationList;
			buildConfigurations = (
				A33F4357216DECC800CA1AA0 /* Debug */,
				A33F4358216DECC800CA1AA0 /* Release */,
			);
			defaultConfigurationIsVisible = 0;
			defaultConfigurationName = Release;
		};
		A33F4359216DECC800CA1AA0 /* Build configuration list for PBXNativeTarget "PdvertisPageTests" */ = {
			isa = XCConfigurationList;
			buildConfigurations = (
				A33F435A216DECC800CA1AA0 /* Debug */,
				A33F435B216DECC800CA1AA0 /* Release */,
			);
			defaultConfigurationIsVisible = 0;
			defaultConfigurationName = Release;
		};
		A33F435C216DECC800CA1AA0 /* Build configuration list for PBXNativeTarget "PdvertisPageUITests" */ = {
			isa = XCConfigurationList;
			buildConfigurations = (
				A33F435D216DECC800CA1AA0 /* Debug */,
				A33F435E216DECC800CA1AA0 /* Release */,
			);
			defaultConfigurationIsVisible = 0;
			defaultConfigurationName = Release;
		};
/* End XCConfigurationList section */
	};
	rootObject = A33F4322216DECC500CA1AA0 /* Project object */;
}
